schema: '2.0'
stages:
  prepare_data:
    cmd: python ./prepare_data.py
    deps:
    - path: ./params.yaml
      hash: md5
      md5: 23bfcd516fd830b900d902a5d4d544e5
      size: 270
    - path: ./prepare_data.py
      hash: md5
      md5: 18b07eecae643a10ae1a4ca3083c946f
      size: 664
    outs:
    - path: ./data/bin_cls
      hash: md5
      md5: 1504aced237c836206f1c9c859f5d3be.dir
      size: 84256
      nfiles: 2
  train:
    cmd: python ./train.py
    deps:
    - path: ./data/bin_cls
      hash: md5
      md5: 1504aced237c836206f1c9c859f5d3be.dir
      size: 84256
      nfiles: 2
    - path: ./params.yaml
      hash: md5
      md5: 23bfcd516fd830b900d902a5d4d544e5
      size: 270
    - path: ./train.py
      hash: md5
      md5: de3b1c6d28f36cdbfa5f04022e8da03d
      size: 1078
    outs:
    - path: ./exp/cls/metrics.yaml
      hash: md5
      md5: 27816bcf5ab535976d2b54c164f250b6
      size: 30
